# THIS IS AN AUTOGENERATED FILE. DO NOT EDIT THIS FILE DIRECTLY.
# yarn lockfile v1


"@syncfusion/ej2-base@~20.1.55", "@syncfusion/ej2-base@~20.1.56", "@syncfusion/ej2-base@~20.1.57":
  version "20.1.60"
  resolved "https://registry.yarnpkg.com/@syncfusion/ej2-base/-/ej2-base-20.1.60.tgz#533761d0be38aeb90823cd7d7d57886b72bdc7f6"
  integrity sha512-Cx5nTc22pcAyEYblZfGkfodxRLTFJX+1IKCmO5bxUZEUqaLGj1G9QAsR4CkgDQbQQ2zGUElM/YumlnOxrsaNtw==
  dependencies:
    "@syncfusion/ej2-icons" "~20.1.55"

"@syncfusion/ej2-buttons@~20.1.55":
  version "20.1.55"
  resolved "https://registry.yarnpkg.com/@syncfusion/ej2-buttons/-/ej2-buttons-20.1.55.tgz#687e61c11bd315842fdf425cbf623c7835775dd3"
  integrity sha512-4Dw5z9RL5TY5z3mZ7X66pzHegdgmeSt41gRDnhXqmq6k60k9O5dqCvfSe7op4Ufo8rRt9SWDd8UEqUAfzIxGfg==
  dependencies:
    "@syncfusion/ej2-base" "~20.1.55"

"@syncfusion/ej2-calendars@20.1.58":
  version "20.1.58"
  resolved "https://registry.yarnpkg.com/@syncfusion/ej2-calendars/-/ej2-calendars-20.1.58.tgz#27e376355c04ae3d3255460109e5d455b331342a"
  integrity sha512-cjSZ9xqvrPIk68e0G/nhyTBHQDgWrDQ0TShbhE6YNBMDQmJif8yjK8uXPgHyt6kh4im0wLzNUWaiXmChS1ACEw==
  dependencies:
    "@syncfusion/ej2-base" "~20.1.57"
    "@syncfusion/ej2-buttons" "~20.1.55"
    "@syncfusion/ej2-inputs" "~20.1.58"
    "@syncfusion/ej2-lists" "~20.1.55"
    "@syncfusion/ej2-popups" "~20.1.58"

"@syncfusion/ej2-data@~20.1.55":
  version "20.1.55"
  resolved "https://registry.yarnpkg.com/@syncfusion/ej2-data/-/ej2-data-20.1.55.tgz#0da1e1ebdbfa3b5760cd85661b67d823bebb4676"
  integrity sha512-iPFnJOjXlOHTP6EV1Qlk4XSympesryDjOMTIB6uYtuUVrHJM87Zk1Wgat7LPyYSB8olVbmPfnDHgCPEOJ8O5vw==
  dependencies:
    "@syncfusion/ej2-base" "~20.1.55"

"@syncfusion/ej2-icons@~20.1.55":
  version "20.1.55"
  resolved "https://registry.yarnpkg.com/@syncfusion/ej2-icons/-/ej2-icons-20.1.55.tgz#3cef77ca9c20441b179fdcf736fad6bb58cb81d7"
  integrity sha512-+0KxvnfK1SIXHpfXoh5I0Boa73FyWn53oaJgD+UmR5Qnbd2xt2g/mRXvpsegDd+Y3fcJPAwcncHDfzeXG3Xb7w==

"@syncfusion/ej2-inputs@~20.1.58":
  version "20.1.59"
  resolved "https://registry.yarnpkg.com/@syncfusion/ej2-inputs/-/ej2-inputs-20.1.59.tgz#7536b733ae60432ad4660971ae6120ed9a5821b1"
  integrity sha512-0oWUhJyaCONs4AlIzKgk9iZHIYOPQcQpBQqFNeu5cZjjHf1QuIa7ZrLldDjCncLMuXvE0UxcVwW6Vt7mk+W+UA==
  dependencies:
    "@syncfusion/ej2-base" "~20.1.57"
    "@syncfusion/ej2-buttons" "~20.1.55"
    "@syncfusion/ej2-popups" "~20.1.58"
    "@syncfusion/ej2-splitbuttons" "~20.1.57"

"@syncfusion/ej2-lists@~20.1.55":
  version "20.1.55"
  resolved "https://registry.yarnpkg.com/@syncfusion/ej2-lists/-/ej2-lists-20.1.55.tgz#868825154c2364e74a18176419dfcf9be988d685"
  integrity sha512-0GT1GxuZygn0LFfm8XHwzcpxHA3oq6bsoZDMFLMSVLaFTEPN30Cx1VMwNWSDoEHk80D2M8xxAFWB9TOjYeuLFA==
  dependencies:
    "@syncfusion/ej2-base" "~20.1.55"
    "@syncfusion/ej2-buttons" "~20.1.55"
    "@syncfusion/ej2-data" "~20.1.55"

"@syncfusion/ej2-popups@~20.1.57", "@syncfusion/ej2-popups@~20.1.58":
  version "20.1.58"
  resolved "https://registry.yarnpkg.com/@syncfusion/ej2-popups/-/ej2-popups-20.1.58.tgz#0aff8fdf9d67beaaf9d8bfc73c9355db739693c9"
  integrity sha512-cgh97wbBwO3pN7J7gV5jvWaXQLebDqIp+xIhPkb41H20pYujuaxarXorMq188e8sQ/8EOzM8eSPtWsDVhDab7w==
  dependencies:
    "@syncfusion/ej2-base" "~20.1.57"
    "@syncfusion/ej2-buttons" "~20.1.55"

"@syncfusion/ej2-react-base@~20.1.57", "@syncfusion/ej2-react-base@~20.1.58":
  version "20.1.59"
  resolved "https://registry.yarnpkg.com/@syncfusion/ej2-react-base/-/ej2-react-base-20.1.59.tgz#681e1adc1f8cf83c503d04b27932435b3acb5adb"
  integrity sha512-+I8JULUHo814b5ftjrffA5xaaiH1dquZcKrWWzFtAGyRqpKMIPq3NlosDBgz2wemKjbw8klXUDjmEzgQyG/pUg==
  dependencies:
    "@syncfusion/ej2-base" "~20.1.57"

"@syncfusion/ej2-react-calendars@^20.1.58":
  version "20.1.58"
  resolved "https://registry.yarnpkg.com/@syncfusion/ej2-react-calendars/-/ej2-react-calendars-20.1.58.tgz#63a48c50ec5a4141432b6fd45e3b9bfcf1eae4d8"
  integrity sha512-lFxqwQ9A+WqECjT8sevUo8XCQlGw12cRs4vr8pe8zvc86Bb598qHwelbkH8UQSeGbkXb8uQQDkOo1Da1fogNdw==
  dependencies:
    "@syncfusion/ej2-base" "~20.1.57"
    "@syncfusion/ej2-calendars" "20.1.58"
    "@syncfusion/ej2-react-base" "~20.1.58"

"@syncfusion/ej2-react-splitbuttons@^20.1.57":
  version "20.1.57"
  resolved "https://registry.yarnpkg.com/@syncfusion/ej2-react-splitbuttons/-/ej2-react-splitbuttons-20.1.57.tgz#cf1d851f5236188399e377f10236183c1fce2579"
  integrity sha512-ZIRl5blocU8ES41/u5RWl6G5n/ecwtzNbMXCxTGq/ba4DFy288sFr0vgO22zO1mxNCvGRd5xftaICCRcvOb4VQ==
  dependencies:
    "@syncfusion/ej2-base" "~20.1.56"
    "@syncfusion/ej2-react-base" "~20.1.57"
    "@syncfusion/ej2-splitbuttons" "20.1.57"

"@syncfusion/ej2-splitbuttons@20.1.57", "@syncfusion/ej2-splitbuttons@~20.1.57":
  version "20.1.57"
  resolved "https://registry.yarnpkg.com/@syncfusion/ej2-splitbuttons/-/ej2-splitbuttons-20.1.57.tgz#712f3249c90a249013d52a6d9ef1f33125b87243"
  integrity sha512-C4Rm2oQuGELh34cHsAxgKvACF0skS+T1h8Gx/fyGNoG6p+MKX5sg8/A1cr1suNPfgpzcf6QzUmYPqRgqQVYvLA==
  dependencies:
    "@syncfusion/ej2-base" "~20.1.56"
    "@syncfusion/ej2-popups" "~20.1.57"

classnames@^2.2.3:
  version "2.3.1"
  resolved "https://registry.yarnpkg.com/classnames/-/classnames-2.3.1.tgz#dfcfa3891e306ec1dad105d0e88f4417b8535e8e"
  integrity sha512-OlQdbZ7gLfGarSqxesMesDa5uz7KFbID8Kpq/SxIoNGDqY8lSYs0D+hhtBXhcdB3rcbXArFr7vlHheLk1voeNA==

react-accessible-dropdown-menu-hook@^3.2.0:
  version "3.2.0"
  resolved "https://registry.yarnpkg.com/react-accessible-dropdown-menu-hook/-/react-accessible-dropdown-menu-hook-3.2.0.tgz#fd3ec0ee97350ac0dd46c2d56ad814ca491f6d6e"
  integrity sha512-DilA+bEX1Jznu81Y7aVZyC2bWktuIHmMDW8OIGb0wmdfiP0mQEkklgxGaMJigwM6SssBghiKTRmoQIXkoS6YkQ==

react-dropdown@^1.10.0:
  version "1.10.0"
  resolved "https://registry.yarnpkg.com/react-dropdown/-/react-dropdown-1.10.0.tgz#c566e5de5212dc4bf2041c20d755e667760b8fab"
  integrity sha512-jvlPVB5KU1tuacx9+igu5c+Xtpzjos5ZRXhMxHiVmdEM0SR2vabeAoL9QfN3p4e1CjgdjYsM8gCXbFNSyT25EQ==
  dependencies:
    classnames "^2.2.3"
